# This file was autogenerated by uv via the following command:
#    uv pip compile --output-file requirements.lock requirements.in
asgiref==3.8.1
    # via
    #   django
    #   django-cors-headers
certifi==2025.4.26
    # via requests
cffi==1.17.1
    # via cryptography
charset-normalizer==3.4.2
    # via requests
concurrent-log-handler==0.9.28
    # via -r requirements.in
coverage==7.8.2
    # via pytest-cov
crispy-bootstrap5==2025.6
    # via -r requirements.in
cryptography==45.0.3
    # via social-auth-core
defusedxml==0.7.1
    # via
    #   python3-openid
    #   social-auth-core
dj-database-url==3.0.1
    # via -r requirements.in
django==5.2.4
    # via
    #   -r requirements.in
    #   crispy-bootstrap5
    #   dj-database-url
    #   django-configurations
    #   django-cors-headers
    #   django-crispy-forms
    #   django-filter
    #   django-log-request-id
    #   djangorestframework
    #   djangorestframework-simplejwt
    #   drf-yasg
    #   social-auth-app-django
django-configurations==2.5.1
    # via -r requirements.in
django-cors-headers==4.7.0
    # via -r requirements.in
django-crispy-forms==2.4
    # via crispy-bootstrap5
django-filter==25.1
    # via -r requirements.in
django-log-request-id==2.1.0
    # via -r requirements.in
django-rest-framework==0.1.0
    # via -r requirements.in
djangorestframework==3.16.0
    # via
    #   -r requirements.in
    #   django-rest-framework
    #   djangorestframework-simplejwt
    #   drf-yasg
djangorestframework-simplejwt==5.5.0
    # via -r requirements.in
drf-yasg==1.21.10
    # via -r requirements.in
gunicorn==23.0.0
    # via -r requirements.in
idna==3.10
    # via requests
inflection==0.5.1
    # via drf-yasg
iniconfig==2.1.0
    # via pytest
mock==5.2.0
    # via -r requirements.in
oauthlib==3.2.2
    # via
    #   requests-oauthlib
    #   social-auth-core
packaging==25.0
    # via
    #   drf-yasg
    #   gunicorn
    #   pytest
pluggy==1.6.0
    # via
    #   pytest
    #   pytest-cov
portalocker==3.1.1
    # via concurrent-log-handler
psycopg2-binary==2.9.10
    # via -r requirements.in
pycparser==2.22
    # via cffi
pyjwt==2.9.0
    # via
    #   djangorestframework-simplejwt
    #   social-auth-core
pytest==8.3.5
    # via
    #   pytest-cov
    #   pytest-django
pytest-cov==6.2.1
    # via -r requirements.in
pytest-django==4.11.1
    # via -r requirements.in
python-dotenv==1.1.1
    # via -r requirements.in
python3-openid==3.2.0
    # via social-auth-core
pytz==2025.2
    # via drf-yasg
pyyaml==6.0.2
    # via drf-yasg
requests==2.32.4
    # via
    #   -r requirements.in
    #   requests-oauthlib
    #   social-auth-core
requests-oauthlib==2.0.0
    # via social-auth-core
ruff==0.12.3
    # via -r requirements.in
social-auth-app-django==5.5.1
    # via -r requirements.in
social-auth-core==4.6.1
    # via social-auth-app-django
sqlparse==0.5.3
    # via django
traitlets==5.14.3
    # via -r requirements.in
uritemplate==4.1.1
    # via drf-yasg
urllib3==2.4.0
    # via requests
whitenoise==6.9.0
    # via -r requirements.in
